// !$*UTF8*$!
{
	archiveVersion = 1;
	classes = {
	};
	objectVersion = 50;
	objects = {

/* Begin PBXBuildFile section */
		9232F89C25ACB1BA0006BCEE /* YuseiMagic-Regular.ttf in Resources */ = {isa = PBXBuildFile; fileRef = 9232F89B25ACB1BA0006BCEE /* YuseiMagic-Regular.ttf */; };
		9232F8A425ACBE670006BCEE /* InfoView.swift in Sources */ = {isa = PBXBuildFile; fileRef = 9232F8A325ACBE670006BCEE /* InfoView.swift */; };
		928DA59A25AA5C300051EEFA /* AppDelegate.swift in Sources */ = {isa = PBXBuildFile; fileRef = 928DA59925AA5C300051EEFA /* AppDelegate.swift */; };
		928DA59C25AA5C300051EEFA /* SceneDelegate.swift in Sources */ = {isa = PBXBuildFile; fileRef = 928DA59B25AA5C300051EEFA /* SceneDelegate.swift */; };
		928DA59E25AA5C300051EEFA /* ContentView.swift in Sources */ = {isa = PBXBuildFile; fileRef = 928DA59D25AA5C300051EEFA /* ContentView.swift */; };
		928DA5A025AA5C340051EEFA /* Assets.xcassets in Resources */ = {isa = PBXBuildFile; fileRef = 928DA59F25AA5C340051EEFA /* Assets.xcassets */; };
		928DA5A325AA5C340051EEFA /* Preview Assets.xcassets in Resources */ = {isa = PBXBuildFile; fileRef = 928DA5A225AA5C340051EEFA /* Preview Assets.xcassets */; };
		928DA5A625AA5C340051EEFA /* LaunchScreen.storyboard in Resources */ = {isa = PBXBuildFile; fileRef = 928DA5A425AA5C340051EEFA /* LaunchScreen.storyboard */; };
/* End PBXBuildFile section */

/* Begin PBXFileReference section */
		9232F89B25ACB1BA0006BCEE /* YuseiMagic-Regular.ttf */ = {isa = PBXFileReference; lastKnownFileType = file; path = "YuseiMagic-Regular.ttf"; sourceTree = "<group>"; };
		9232F8A325ACBE670006BCEE /* InfoView.swift */ = {isa = PBXFileReference; lastKnownFileType = sourcecode.swift; path = InfoView.swift; sourceTree = "<group>"; };
		928DA59625AA5C300051EEFA /* Harry Camps Business Card.app */ = {isa = PBXFileReference; explicitFileType = wrapper.application; includeInIndex = 0; path = "Harry Camps Business Card.app"; sourceTree = BUILT_PRODUCTS_DIR; };
		928DA59925AA5C300051EEFA /* AppDelegate.swift */ = {isa = PBXFileReference; lastKnownFileType = sourcecode.swift; path = AppDelegate.swift; sourceTree = "<group>"; };
		928DA59B25AA5C300051EEFA /* SceneDelegate.swift */ = {isa = PBXFileReference; lastKnownFileType = sourcecode.swift; path = SceneDelegate.swift; sourceTree = "<group>"; };
		928DA59D25AA5C300051EEFA /* ContentView.swift */ = {isa = PBXFileReference; lastKnownFileType = sourcecode.swift; path = ContentView.swift; sourceTree = "<group>"; };
		928DA59F25AA5C340051EEFA /* Assets.xcassets */ = {isa = PBXFileReference; lastKnownFileType = folder.assetcatalog; path = Assets.xcassets; sourceTree = "<group>"; };
		928DA5A225AA5C340051EEFA /* Preview Assets.xcassets */ = {isa = PBXFileReference; lastKnownFileType = folder.assetcatalog; path = "Preview Assets.xcassets"; sourceTree = "<group>"; };
		928DA5A525AA5C340051EEFA /* Base */ = {isa = PBXFileReference; lastKnownFileType = file.storyboard; name = Base; path = Base.lproj/LaunchScreen.storyboard; sourceTree = "<group>"; };
		928DA5A725AA5C340051EEFA /* Info.plist */ = {isa = PBXFileReference; lastKnownFileType = text.plist.xml; path = Info.plist; sourceTree = "<group>"; };
/* End PBXFileReference section */

/* Begin PBXFrameworksBuildPhase section */
		928DA59325AA5C300051EEFA /* Frameworks */ = {
			isa = PBXFrameworksBuildPhase;
			buildActionMask = 2147483647;
			files = (
			);
			runOnlyForDeploymentPostprocessing = 0;
		};
/* End PBXFrameworksBuildPhase section */

/* Begin PBXGroup section */
		9232F89A25ACB1AB0006BCEE /* fonts */ = {
			isa = PBXGroup;
			children = (
				9232F89B25ACB1BA0006BCEE /* YuseiMagic-Regular.ttf */,
			);
			path = fonts;
			sourceTree = "<group>";
		};
		928DA58D25AA5C300051EEFA = {
			isa = PBXGroup;
			children = (
				928DA59825AA5C300051EEFA /* Harry Camps Business Card */,
				928DA59725AA5C300051EEFA /* Products */,
			);
			sourceTree = "<group>";
		};
		928DA59725AA5C300051EEFA /* Products */ = {
			isa = PBXGroup;
			children = (
				928DA59625AA5C300051EEFA /* Harry Camps Business Card.app */,
			);
			name = Products;
			sourceTree = "<group>";
		};
		928DA59825AA5C300051EEFA /* Harry Camps Business Card */ = {
			isa = PBXGroup;
			children = (
				9232F89A25ACB1AB0006BCEE /* fonts */,
				928DA59925AA5C300051EEFA /* AppDelegate.swift */,
				928DA59B25AA5C300051EEFA /* SceneDelegate.swift */,
				928DA59D25AA5C300051EEFA /* ContentView.swift */,
				928DA59F25AA5C340051EEFA /* Assets.xcassets */,
				928DA5A425AA5C340051EEFA /* LaunchScreen.storyboard */,
				928DA5A725AA5C340051EEFA /* Info.plist */,
				928DA5A125AA5C340051EEFA /* Preview Content */,
				9232F8A325ACBE670006BCEE /* InfoView.swift */,
			);
			path = "Harry Camps Business Card";
			sourceTree = "<group>";
		};
		928DA5A125AA5C340051EEFA /* Preview Content */ = {
			isa = PBXGroup;
			children = (
				928DA5A225AA5C340051EEFA /* Preview Assets.xcassets */,
			);
			path = "Preview Content";
			sourceTree = "<group>";
		};
/* End PBXGroup section */

/* Begin PBXNativeTarget section */
		928DA59525AA5C300051EEFA /* Harry Camps Business Card */ = {
			isa = PBXNativeTarget;
			buildConfigurationList = 928DA5AA25AA5C340051EEFA /* Build configuration list for PBXNativeTarget "Harry Camps Business Card" */;
			buildPhases = (
				928DA59225AA5C300051EEFA /* Sources */,
				928DA59325AA5C300051EEFA /* Frameworks */,
				928DA59425AA5C300051EEFA /* Resources */,
			);
			buildRules = (
			);
			dependencies = (
			);
			name = "Harry Camps Business Card";
			productName = "Harry Camps Business Card";
			productReference = 928DA59625AA5C300051EEFA /* Harry Camps Business Card.app */;
			productType = "com.apple.product-type.application";
		};
/* End PBXNativeTarget section */

/* Begin PBXProject section */
		928DA58E25AA5C300051EEFA /* Project object */ = {
			isa = PBXProject;
			attributes = {
				LastSwiftUpdateCheck = 1230;
				LastUpgradeCheck = 1230;
				TargetAttributes = {
					928DA59525AA5C300051EEFA = {
						CreatedOnToolsVersion = 12.3;
					};
				};
			};
			buildConfigurationList = 928DA59125AA5C300051EEFA /* Build configuration list for PBXProject "Harry Camps Business Card" */;
			compatibilityVersion = "Xcode 9.3";
			developmentRegion = en;
			hasScannedForEncodings = 0;
			knownRegions = (
				en,
				Base,
			);
			mainGroup = 928DA58D25AA5C300051EEFA;
			productRefGroup = 928DA59725AA5C300051EEFA /* Products */;
			projectDirPath = "";
			projectRoot = "";
			targets = (
				928DA59525AA5C300051EEFA /* Harry Camps Business Card */,
			);
		};
/* End PBXProject section */

/* Begin PBXResourcesBuildPhase section */
		928DA59425AA5C300051EEFA /* Resources */ = {
			isa = PBXResourcesBuildPhase;
			buildActionMask = 2147483647;
			files = (
				928DA5A625AA5C340051EEFA /* LaunchScreen.storyboard in Resources */,
				9232F89C25ACB1BA0006BCEE /* YuseiMagic-Regular.ttf in Resources */,
				928DA5A325AA5C340051EEFA /* Preview Assets.xcassets in Resources */,
				928DA5A025AA5C340051EEFA /* Assets.xcassets in Resources */,
			);
			runOnlyForDeploymentPostprocessing = 0;
		};
/* End PBXResourcesBuildPhase section */

/* Begin PBXSourcesBuildPhase section */
		928DA59225AA5C300051EEFA /* Sources */ = {
			isa = PBXSourcesBuildPhase;
			buildActionMask = 2147483647;
			files = (
				9232F8A425ACBE670006BCEE /* InfoView.swift in Sources */,
				928DA59A25AA5C300051EEFA /* AppDelegate.swift in Sources */,
				928DA59C25AA5C300051EEFA /* SceneDelegate.swift in Sources */,
				928DA59E25AA5C300051EEFA /* ContentView.swift in Sources */,
			);
			runOnlyForDeploymentPostprocessing = 0;
		};
/* End PBXSourcesBuildPhase section */

/* Begin PBXVariantGroup section */
		928DA5A425AA5C340051EEFA /* LaunchScreen.storyboard */ = {
			isa = PBXVariantGroup;
			children = (
				928DA5A525AA5C340051EEFA /* Base */,
			);
			name = LaunchScreen.storyboard;
			sourceTree = "<group>";
		};
/* End PBXVariantGroup section */

/* Begin XCBuildConfiguration section */
		928DA5A825AA5C340051EEFA /* Debug */ = {
			isa = XCBuildConfiguration;
			buildSettings = {
				ALWAYS_SEARCH_USER_PATHS = NO;
				CLANG_ANALYZER_NONNULL = YES;
				CLANG_ANALYZER_NUMBER_OBJECT_CONVERSION = YES_AGGRESSIVE;
				CLANG_CXX_LANGUAGE_STANDARD = "gnu++14";
				CLANG_CXX_LIBRARY = "libc++";
				CLANG_ENABLE_MODULES = YES;
				CLANG_ENABLE_OBJC_ARC = YES;
				CLANG_ENABLE_OBJC_WEAK = YES;
				CLANG_WARN_BLOCK_CAPTURE_AUTORELEASING = YES;
				CLANG_WARN_BOOL_CONVERSION = YES;
				CLANG_WARN_COMMA = YES;
				CLANG_WARN_CONSTANT_CONVERSION = YES;
				CLANG_WARN_DEPRECATED_OBJC_IMPLEMENTATIONS = YES;
				CLANG_WARN_DIRECT_OBJC_ISA_USAGE = YES_ERROR;
				CLANG_WARN_DOCUMENTATION_COMMENTS = YES;
				CLANG_WARN_EMPTY_BODY = YES;
				CLANG_WARN_ENUM_CONVERSION = YES;
				CLANG_WARN_INFINITE_RECURSION = YES;
				CLANG_WARN_INT_CONVERSION = YES;
				CLANG_WARN_NON_LITERAL_NULL_CONVERSION = YES;
				CLANG_WARN_OBJC_IMPLICIT_RETAIN_SELF = YES;
				CLANG_WARN_OBJC_LITERAL_CONVERSION = YES;
				CLANG_WARN_OBJC_ROOT_CLASS = YES_ERROR;
				CLANG_WARN_QUOTED_INCLUDE_IN_FRAMEWORK_HEADER = YES;
				CLANG_WARN_RANGE_LOOP_ANALYSIS = YES;
				CLANG_WARN_STRICT_PROTOTYPES = YES;
				CLANG_WARN_SUSPICIOUS_MOVE = YES;
				CLANG_WARN_UNGUARDED_AVAILABILITY = YES_AGGRESSIVE;
				CLANG_WARN_UNREACHABLE_CODE = YES;
				CLANG_WARN__DUPLICATE_METHOD_MATCH = YES;
				COPY_PHASE_STRIP = NO;
				DEBUG_INFORMATION_FORMAT = dwarf;
				ENABLE_STRICT_OBJC_MSGSEND = YES;
				ENABLE_TESTABILITY = YES;
				GCC_C_LANGUAGE_STANDARD = gnu11;
				GCC_DYNAMIC_NO_PIC = NO;
				GCC_NO_COMMON_BLOCKS = YES;
				GCC_OPTIMIZATION_LEVEL = 0;
				GCC_PREPROCESSOR_DEFINITIONS = (
					"DEBUG=1",
					"$(inherited)",
				);
				GCC_WARN_64_TO_32_BIT_CONVERSION = YES;
				GCC_WARN_ABOUT_RETURN_TYPE = YES_ERROR;
				GCC_WARN_UNDECLARED_SELECTOR = YES;
				GCC_WARN_UNINITIALIZED_AUTOS = YES_AGGRESSIVE;
				GCC_WARN_UNUSED_FUNCTION = YES;
				GCC_WARN_UNUSED_VARIABLE = YES;
				IPHONEOS_DEPLOYMENT_TARGET = 14.3;
				MTL_ENABLE_DEBUG_INFO = INCLUDE_SOURCE;
				MTL_FAST_MATH = YES;
				ONLY_ACTIVE_ARCH = YES;
				SDKROOT = iphoneos;
				SWIFT_ACTIVE_COMPILATION_CONDITIONS = DEBUG;
				SWIFT_OPTIMIZATION_LEVEL = "-Onone";
			};
			name = Debug;
		};
		928DA5A925AA5C340051EEFA /* Release */ = {
			isa = XCBuildConfiguration;
			buildSettings = {
				ALWAYS_SEARCH_USER_PATHS = NO;
				CLANG_ANALYZER_NONNULL = YES;
				CLANG_ANALYZER_NUMBER_OBJECT_CONVERSION = YES_AGGRESSIVE;
				CLANG_CXX_LANGUAGE_STANDARD = "gnu++14";
				CLANG_CXX_LIBRARY = "libc++";
				CLANG_ENABLE_MODULES = YES;
				CLANG_ENABLE_OBJC_ARC = YES;
				CLANG_ENABLE_OBJC_WEAK = YES;
				CLANG_WARN_BLOCK_CAPTURE_AUTORELEASING = YES;
				CLANG_WARN_BOOL_CONVERSION = YES;
				CLANG_WARN_COMMA = YES;
				CLANG_WARN_CONSTANT_CONVERSION = YES;
				CLANG_WARN_DEPRECATED_OBJC_IMPLEMENTATIONS = YES;
				CLANG_WARN_DIRECT_OBJC_ISA_USAGE = YES_ERROR;
				CLANG_WARN_DOCUMENTATION_COMMENTS = YES;
				CLANG_WARN_EMPTY_BODY = YES;
				CLANG_WARN_ENUM_CONVERSION = YES;
				CLANG_WARN_INFINITE_RECURSION = YES;
				CLANG_WARN_INT_CONVERSION = YES;
				CLANG_WARN_NON_LITERAL_NULL_CONVERSION = YES;
				CLANG_WARN_OBJC_IMPLICIT_RETAIN_SELF = YES;
				CLANG_WARN_OBJC_LITERAL_CONVERSION = YES;
				CLANG_WARN_OBJC_ROOT_CLASS = YES_ERROR;
				CLANG_WARN_QUOTED_INCLUDE_IN_FRAMEWORK_HEADER = YES;
				CLANG_WARN_RANGE_LOOP_ANALYSIS = YES;
				CLANG_WARN_STRICT_PROTOTYPES = YES;
				CLANG_WARN_SUSPICIOUS_MOVE = YES;
				CLANG_WARN_UNGUARDED_AVAILABILITY = YES_AGGRESSIVE;
				CLANG_WARN_UNREACHABLE_CODE = YES;
				CLANG_WARN__DUPLICATE_METHOD_MATCH = YES;
				COPY_PHASE_STRIP = NO;
				DEBUG_INFORMATION_FORMAT = "dwarf-with-dsym";
				ENABLE_NS_ASSERTIONS = NO;
				ENABLE_STRICT_OBJC_MSGSEND = YES;
				GCC_C_LANGUAGE_STANDARD = gnu11;
				GCC_NO_COMMON_BLOCKS = YES;
				GCC_WARN_64_TO_32_BIT_CONVERSION = YES;
				GCC_WARN_ABOUT_RETURN_TYPE = YES_ERROR;
				GCC_WARN_UNDECLARED_SELECTOR = YES;
				GCC_WARN_UNINITIALIZED_AUTOS = YES_AGGRESSIVE;
				GCC_WARN_UNUSED_FUNCTION = YES;
				GCC_WARN_UNUSED_VARIABLE = YES;
				IPHONEOS_DEPLOYMENT_TARGET = 14.3;
				MTL_ENABLE_DEBUG_INFO = NO;
				MTL_FAST_MATH = YES;
				SDKROOT = iphoneos;
				SWIFT_COMPILATION_MODE = wholemodule;
				SWIFT_OPTIMIZATION_LEVEL = "-O";
				VALIDATE_PRODUCT = YES;
			};
			name = Release;
		};
		928DA5AB25AA5C340051EEFA /* Debug */ = {
			isa = XCBuildConfiguration;
			buildSettings = {
				ASSETCATALOG_COMPILER_APPICON_NAME = AppIcon;
				ASSETCATALOG_COMPILER_GLOBAL_ACCENT_COLOR_NAME = AccentColor;
				CODE_SIGN_STYLE = Automatic;
				DEVELOPMENT_ASSET_PATHS = "\"Harry Camps Business Card/Preview Content\"";
				DEVELOPMENT_TEAM = AW6YY9PD5J;
				ENABLE_PREVIEWS = YES;
				INFOPLIST_FILE = "Harry Camps Business Card/Info.plist";
				LD_RUNPATH_SEARCH_PATHS = (
					"$(inherited)",
					"@executable_path/Frameworks",
				);
				PRODUCT_BUNDLE_IDENTIFIER = "com.harrycamps.Harry-Camps-Business-Card";
				PRODUCT_NAME = "$(TARGET_NAME)";
				SWIFT_VERSION = 5.0;
				TARGETED_DEVICE_FAMILY = "1,2";
			};
			name = Debug;
		};
		928DA5AC25AA5C340051EEFA /* Release */ = {
			isa = XCBuildConfiguration;
			buildSettings = {
				ASSETCATALOG_COMPILER_APPICON_NAME = AppIcon;
				ASSETCATALOG_COMPILER_GLOBAL_ACCENT_COLOR_NAME = AccentColor;
				CODE_SIGN_STYLE = Automatic;
				DEVELOPMENT_ASSET_PATHS = "\"Harry Camps Business Card/Preview Content\"";
				DEVELOPMENT_TEAM = AW6YY9PD5J;
				ENABLE_PREVIEWS = YES;
				INFOPLIST_FILE = "Harry Camps Business Card/Info.plist";
				LD_RUNPATH_SEARCH_PATHS = (
					"$(inherited)",
					"@executable_path/Frameworks",
				);
				PRODUCT_BUNDLE_IDENTIFIER = "com.harrycamps.Harry-Camps-Business-Card";
				PRODUCT_NAME = "$(TARGET_NAME)";
				SWIFT_VERSION = 5.0;
				TARGETED_DEVICE_FAMILY = "1,2";
			};
			name = Release;
		};
/* End XCBuildConfiguration section */

/* Begin XCConfigurationList section */
		928DA59125AA5C300051EEFA /* Build configuration list for PBXProject "Harry Camps Business Card" */ = {
			isa = XCConfigurationList;
			buildConfigurations = (
				928DA5A825AA5C340051EEFA /* Debug */,
				928DA5A925AA5C340051EEFA /* Release */,
			);
			defaultConfigurationIsVisible = 0;
			defaultConfigurationName = Release;
		};
		928DA5AA25AA5C340051EEFA /* Build configuration list for PBXNativeTarget "Harry Camps Business Card" */ = {
			isa = XCConfigurationList;
			buildConfigurations = (
				928DA5AB25AA5C340051EEFA /* Debug */,
				928DA5AC25AA5C340051EEFA /* Release */,
			);
			defaultConfigurationIsVisible = 0;
			defaultConfigurationName = Release;
		};
/* End XCConfigurationList section */
	};
	rootObject = 928DA58E25AA5C300051EEFA /* Project object */;
}
